// !$*UTF8*$!
{
	archiveVersion = 1;
	classes = {
	};
	objectVersion = 56;
	objects = {

/* Begin PBXBuildFile section */
		900390B06FE347FCAA0606A4 /* RootView.swift in Sources */ = {isa = PBXBuildFile; fileRef = B533B669F7CA4A7E84FFB044 /* RootView.swift */; };
		643D60F4011A43C3882E0523 /* SipNearApp.swift in Sources */ = {isa = PBXBuildFile; fileRef = E8B4BBF41DB14E1A954C23D2 /* SipNearApp.swift */; };
		1F35E254596A43D3965ABCE2 /* SipTheme.swift in Sources */ = {isa = PBXBuildFile; fileRef = E84A9837815D4106BE4178FF /* SipTheme.swift */; };
		F271C9803B6242DA9975930B /* CuratedWineries.swift in Sources */ = {isa = PBXBuildFile; fileRef = 29F2B6A02C1F4734847BFF0C /* CuratedWineries.swift */; };
		D15DC241E00E45318ABD7581 /* Models.swift in Sources */ = {isa = PBXBuildFile; fileRef = 1D86050AD1EC411D92058895 /* Models.swift */; };
		0AAC7391B2E947FF9122277E /* WineCatalog.swift in Sources */ = {isa = PBXBuildFile; fileRef = 6ACBA484875546E7B33B8760 /* WineCatalog.swift */; };
		039EFC9C52A84D7EA078AB0A /* AppModel.swift in Sources */ = {isa = PBXBuildFile; fileRef = 5DCA506A22AA4D2A9D30B290 /* AppModel.swift */; };
		60907E891F9D46419B573EF8 /* LocationService.swift in Sources */ = {isa = PBXBuildFile; fileRef = D09EE1E79D514F89888A0EF1 /* LocationService.swift */; };
		61E04DECD7BA48C2A431073F /* WineryService.swift in Sources */ = {isa = PBXBuildFile; fileRef = 14BDC527CDA94DBF8635A2CF /* WineryService.swift */; };
		9CE9B3D167D34B5B9AC3936D /* GeoMath.swift in Sources */ = {isa = PBXBuildFile; fileRef = E0963E5CF10249548EDF7CC9 /* GeoMath.swift */; };
		030CFF0751FA47A0AB7ADCF0 /* Haptics.swift in Sources */ = {isa = PBXBuildFile; fileRef = 5E38F6EBE70C4E94A98DB035 /* Haptics.swift */; };
		C94EBC3E15E84A0D89BD0E66 /* DiscoverView.swift in Sources */ = {isa = PBXBuildFile; fileRef = 2CECD7238B5B4EAC948A7748 /* DiscoverView.swift */; };
		7657D2D8343C410BB33FC81A /* HomeView.swift in Sources */ = {isa = PBXBuildFile; fileRef = 6DCB181B38BD4B30A0360D7E /* HomeView.swift */; };
		FC8B3B7ABDB24AC684E43438 /* NearbyView.swift in Sources */ = {isa = PBXBuildFile; fileRef = 5FA1FB2BAE2F429DAEAD33ED /* NearbyView.swift */; };
		30A3D07A457349D3922605AB /* SavedView.swift in Sources */ = {isa = PBXBuildFile; fileRef = B274EB24C4124490A3600B4B /* SavedView.swift */; };
		4EB00AC40F0D42AC99C5C7DD /* WelcomeView.swift in Sources */ = {isa = PBXBuildFile; fileRef = 28867AE98F914BBA82339533 /* WelcomeView.swift */; };
		E32ACC1D5D514E4EA4D4122E /* WineDetailView.swift in Sources */ = {isa = PBXBuildFile; fileRef = F7FE876D43EF4FB89353A526 /* WineDetailView.swift */; };
		00401B1925424730BAAF1C8F /* WineryDetailView.swift in Sources */ = {isa = PBXBuildFile; fileRef = 3E47415FEA374EDB8D51E200 /* WineryDetailView.swift */; };
		57631867A3C84353943F473E /* EasyButton.swift in Sources */ = {isa = PBXBuildFile; fileRef = 95D8648BD8A942C2AAE76846 /* EasyButton.swift */; };
		6E3E6E73BED24D37A22A3C61 /* RatingBadge.swift in Sources */ = {isa = PBXBuildFile; fileRef = 6C839B0CEC5147B6B825BD3D /* RatingBadge.swift */; };
		639E04EEC5DC48AE81680807 /* SectionHeader.swift in Sources */ = {isa = PBXBuildFile; fileRef = 20B61D785B314588AC60FCB9 /* SectionHeader.swift */; };
		6B137F9CFB7D4F8CB64EDF46 /* WineCard.swift in Sources */ = {isa = PBXBuildFile; fileRef = C911F1C1A80643299EDE4EFC /* WineCard.swift */; };
		FACEA005F9964067B6FFC49F /* WineryCard.swift in Sources */ = {isa = PBXBuildFile; fileRef = 12813EFB49644DA5B1329365 /* WineryCard.swift */; };
		7B311DBE141C4B2285143318 /* GeoMathTests.swift in Sources */ = {isa = PBXBuildFile; fileRef = 998090D529F04C399EE4EF0D /* GeoMathTests.swift */; };
		AA1A5D58A14F4843BEDD1CA7 /* Assets.xcassets in Resources */ = {isa = PBXBuildFile; fileRef = 1CE79B2FCD9C47E7AF5B2AE0 /* Assets.xcassets */; };
		90F592880E00491CAACED3D0 /* PrivacyInfo.xcprivacy in Resources */ = {isa = PBXBuildFile; fileRef = 76FA99126F044FA7A3BC492A /* PrivacyInfo.xcprivacy */; };
/* End PBXBuildFile section */

/* Begin PBXContainerItemProxy section */
		1FC49AC04F0A4B51B9D5300C /* PBXContainerItemProxy */ = {
			isa = PBXContainerItemProxy;
			containerPortal = 24A2ACB97A0B46CE8DB97B16 /* Project object */;
			proxyType = 1;
			remoteGlobalIDString = E4EB697373404F4CB35665E9;
			remoteInfo = SipNear;
		};
/* End PBXContainerItemProxy section */

/* Begin PBXFileReference section */
		F60003B4D908405DAD302DA7 /* SipNear.app */ = {isa = PBXFileReference; explicitFileType = wrapper.application; includeInIndex = 0; path = SipNear.app; sourceTree = BUILT_PRODUCTS_DIR; };
		8CEFC5B51323420BAB6BEAE5 /* SipNearTests.xctest */ = {isa = PBXFileReference; explicitFileType = wrapper.cfbundle; includeInIndex = 0; path = SipNearTests.xctest; sourceTree = BUILT_PRODUCTS_DIR; };
		B533B669F7CA4A7E84FFB044 /* RootView.swift */ = {isa = PBXFileReference; lastKnownFileType = sourcecode.swift; path = RootView.swift; sourceTree = "<group>"; };
		E8B4BBF41DB14E1A954C23D2 /* SipNearApp.swift */ = {isa = PBXFileReference; lastKnownFileType = sourcecode.swift; path = SipNearApp.swift; sourceTree = "<group>"; };
		E84A9837815D4106BE4178FF /* SipTheme.swift */ = {isa = PBXFileReference; lastKnownFileType = sourcecode.swift; path = SipTheme.swift; sourceTree = "<group>"; };
		29F2B6A02C1F4734847BFF0C /* CuratedWineries.swift */ = {isa = PBXFileReference; lastKnownFileType = sourcecode.swift; path = CuratedWineries.swift; sourceTree = "<group>"; };
		1D86050AD1EC411D92058895 /* Models.swift */ = {isa = PBXFileReference; lastKnownFileType = sourcecode.swift; path = Models.swift; sourceTree = "<group>"; };
		6ACBA484875546E7B33B8760 /* WineCatalog.swift */ = {isa = PBXFileReference; lastKnownFileType = sourcecode.swift; path = WineCatalog.swift; sourceTree = "<group>"; };
		5DCA506A22AA4D2A9D30B290 /* AppModel.swift */ = {isa = PBXFileReference; lastKnownFileType = sourcecode.swift; path = AppModel.swift; sourceTree = "<group>"; };
		D09EE1E79D514F89888A0EF1 /* LocationService.swift */ = {isa = PBXFileReference; lastKnownFileType = sourcecode.swift; path = LocationService.swift; sourceTree = "<group>"; };
		14BDC527CDA94DBF8635A2CF /* WineryService.swift */ = {isa = PBXFileReference; lastKnownFileType = sourcecode.swift; path = WineryService.swift; sourceTree = "<group>"; };
		E0963E5CF10249548EDF7CC9 /* GeoMath.swift */ = {isa = PBXFileReference; lastKnownFileType = sourcecode.swift; path = GeoMath.swift; sourceTree = "<group>"; };
		5E38F6EBE70C4E94A98DB035 /* Haptics.swift */ = {isa = PBXFileReference; lastKnownFileType = sourcecode.swift; path = Haptics.swift; sourceTree = "<group>"; };
		2CECD7238B5B4EAC948A7748 /* DiscoverView.swift */ = {isa = PBXFileReference; lastKnownFileType = sourcecode.swift; path = DiscoverView.swift; sourceTree = "<group>"; };
		6DCB181B38BD4B30A0360D7E /* HomeView.swift */ = {isa = PBXFileReference; lastKnownFileType = sourcecode.swift; path = HomeView.swift; sourceTree = "<group>"; };
		5FA1FB2BAE2F429DAEAD33ED /* NearbyView.swift */ = {isa = PBXFileReference; lastKnownFileType = sourcecode.swift; path = NearbyView.swift; sourceTree = "<group>"; };
		B274EB24C4124490A3600B4B /* SavedView.swift */ = {isa = PBXFileReference; lastKnownFileType = sourcecode.swift; path = SavedView.swift; sourceTree = "<group>"; };
		28867AE98F914BBA82339533 /* WelcomeView.swift */ = {isa = PBXFileReference; lastKnownFileType = sourcecode.swift; path = WelcomeView.swift; sourceTree = "<group>"; };
		F7FE876D43EF4FB89353A526 /* WineDetailView.swift */ = {isa = PBXFileReference; lastKnownFileType = sourcecode.swift; path = WineDetailView.swift; sourceTree = "<group>"; };
		3E47415FEA374EDB8D51E200 /* WineryDetailView.swift */ = {isa = PBXFileReference; lastKnownFileType = sourcecode.swift; path = WineryDetailView.swift; sourceTree = "<group>"; };
		95D8648BD8A942C2AAE76846 /* EasyButton.swift */ = {isa = PBXFileReference; lastKnownFileType = sourcecode.swift; path = EasyButton.swift; sourceTree = "<group>"; };
		6C839B0CEC5147B6B825BD3D /* RatingBadge.swift */ = {isa = PBXFileReference; lastKnownFileType = sourcecode.swift; path = RatingBadge.swift; sourceTree = "<group>"; };
		20B61D785B314588AC60FCB9 /* SectionHeader.swift */ = {isa = PBXFileReference; lastKnownFileType = sourcecode.swift; path = SectionHeader.swift; sourceTree = "<group>"; };
		C911F1C1A80643299EDE4EFC /* WineCard.swift */ = {isa = PBXFileReference; lastKnownFileType = sourcecode.swift; path = WineCard.swift; sourceTree = "<group>"; };
		12813EFB49644DA5B1329365 /* WineryCard.swift */ = {isa = PBXFileReference; lastKnownFileType = sourcecode.swift; path = WineryCard.swift; sourceTree = "<group>"; };
		998090D529F04C399EE4EF0D /* GeoMathTests.swift */ = {isa = PBXFileReference; lastKnownFileType = sourcecode.swift; path = GeoMathTests.swift; sourceTree = "<group>"; };
		1CE79B2FCD9C47E7AF5B2AE0 /* Assets.xcassets */ = {isa = PBXFileReference; lastKnownFileType = folder.assetcatalog; path = Assets.xcassets; sourceTree = "<group>"; };
		ED5216611EF447BBB92E4AF9 /* Info.plist */ = {isa = PBXFileReference; lastKnownFileType = text.plist.xml; path = Info.plist; sourceTree = "<group>"; };
		76FA99126F044FA7A3BC492A /* PrivacyInfo.xcprivacy */ = {isa = PBXFileReference; lastKnownFileType = text.xml; path = PrivacyInfo.xcprivacy; sourceTree = "<group>"; };
/* End PBXFileReference section */

/* Begin PBXFrameworksBuildPhase section */
		8B18F0F6D1554FFE95876D49 /* Frameworks */ = {
			isa = PBXFrameworksBuildPhase;
			buildActionMask = 2147483647;
			files = (
			);
			runOnlyForDeploymentPostprocessing = 0;
		};
		DDF234682C824CC1A842A25A /* Frameworks */ = {
			isa = PBXFrameworksBuildPhase;
			buildActionMask = 2147483647;
			files = (
			);
			runOnlyForDeploymentPostprocessing = 0;
		};
/* End PBXFrameworksBuildPhase section */

/* Begin PBXGroup section */
		976CC5D5CD6140908DC6B2E5 /* Products */ = {
			isa = PBXGroup;
			children = (
				F60003B4D908405DAD302DA7 /* SipNear.app */,
				8CEFC5B51323420BAB6BEAE5 /* SipNearTests.xctest */,
			);
			name = Products;
			sourceTree = "<group>";
		};
		5170900736484B51B4CB529E /* SipNear */ = {
			isa = PBXGroup;
			children = (
				30167AF2C8A043A5BFE15691 /* App */,
				5620E2E2BC7F4184BF71454F /* Core */,
				E3ED1E07EBA74B20BDC513B6 /* Features */,
				FE16B99B45E4486F91DFD642 /* Resources */,
				9FAC9535651441F5808BA9B6 /* Shared */,
			);
			path = SipNear;
			sourceTree = "<group>";
		};
		30167AF2C8A043A5BFE15691 /* App */ = {
			isa = PBXGroup;
			children = (
				B533B669F7CA4A7E84FFB044 /* RootView.swift */,
				E8B4BBF41DB14E1A954C23D2 /* SipNearApp.swift */,
			);
			path = App;
			sourceTree = "<group>";
		};
		5620E2E2BC7F4184BF71454F /* Core */ = {
			isa = PBXGroup;
			children = (
				69BC836954DC4FE6BB3A0FDC /* DesignSystem */,
				FB94600AA443470CAE7A3F18 /* Models */,
				5B404D8AB6B34740AA77DA3F /* Services */,
				60F61EF670AF4EBD9513E851 /* Utilities */,
			);
			path = Core;
			sourceTree = "<group>";
		};
		E3ED1E07EBA74B20BDC513B6 /* Features */ = {
			isa = PBXGroup;
			children = (
				C3063F08BF184CFB90C77405 /* Discover */,
				93AB8BFCD38C4E68A0891C77 /* Home */,
				F4A25964AF39493C9D4E40AE /* Nearby */,
				AB8D2226A1014D8CB9315AD4 /* Saved */,
				8D8E0F6C51344118912C9858 /* Welcome */,
				B31D81E4A5014773B039A435 /* WineDetail */,
				8EFD0B01ED694B3897224BE6 /* WineryDetail */,
			);
			path = Features;
			sourceTree = "<group>";
		};
		FE16B99B45E4486F91DFD642 /* Resources */ = {
			isa = PBXGroup;
			children = (
				1CE79B2FCD9C47E7AF5B2AE0 /* Assets.xcassets */,
				ED5216611EF447BBB92E4AF9 /* Info.plist */,
				76FA99126F044FA7A3BC492A /* PrivacyInfo.xcprivacy */,
			);
			path = Resources;
			sourceTree = "<group>";
		};
		9FAC9535651441F5808BA9B6 /* Shared */ = {
			isa = PBXGroup;
			children = (
				6E3FFCC334614FFC82D45638 /* Components */,
			);
			path = Shared;
			sourceTree = "<group>";
		};
		69BC836954DC4FE6BB3A0FDC /* DesignSystem */ = {
			isa = PBXGroup;
			children = (
				E84A9837815D4106BE4178FF /* SipTheme.swift */,
			);
			path = DesignSystem;
			sourceTree = "<group>";
		};
		FB94600AA443470CAE7A3F18 /* Models */ = {
			isa = PBXGroup;
			children = (
				29F2B6A02C1F4734847BFF0C /* CuratedWineries.swift */,
				1D86050AD1EC411D92058895 /* Models.swift */,
				6ACBA484875546E7B33B8760 /* WineCatalog.swift */,
			);
			path = Models;
			sourceTree = "<group>";
		};
		5B404D8AB6B34740AA77DA3F /* Services */ = {
			isa = PBXGroup;
			children = (
				5DCA506A22AA4D2A9D30B290 /* AppModel.swift */,
				D09EE1E79D514F89888A0EF1 /* LocationService.swift */,
				14BDC527CDA94DBF8635A2CF /* WineryService.swift */,
			);
			path = Services;
			sourceTree = "<group>";
		};
		60F61EF670AF4EBD9513E851 /* Utilities */ = {
			isa = PBXGroup;
			children = (
				E0963E5CF10249548EDF7CC9 /* GeoMath.swift */,
				5E38F6EBE70C4E94A98DB035 /* Haptics.swift */,
			);
			path = Utilities;
			sourceTree = "<group>";
		};
		C3063F08BF184CFB90C77405 /* Discover */ = {
			isa = PBXGroup;
			children = (
				2CECD7238B5B4EAC948A7748 /* DiscoverView.swift */,
			);
			path = Discover;
			sourceTree = "<group>";
		};
		93AB8BFCD38C4E68A0891C77 /* Home */ = {
			isa = PBXGroup;
			children = (
				6DCB181B38BD4B30A0360D7E /* HomeView.swift */,
			);
			path = Home;
			sourceTree = "<group>";
		};
		F4A25964AF39493C9D4E40AE /* Nearby */ = {
			isa = PBXGroup;
			children = (
				5FA1FB2BAE2F429DAEAD33ED /* NearbyView.swift */,
			);
			path = Nearby;
			sourceTree = "<group>";
		};
		AB8D2226A1014D8CB9315AD4 /* Saved */ = {
			isa = PBXGroup;
			children = (
				B274EB24C4124490A3600B4B /* SavedView.swift */,
			);
			path = Saved;
			sourceTree = "<group>";
		};
		8D8E0F6C51344118912C9858 /* Welcome */ = {
			isa = PBXGroup;
			children = (
				28867AE98F914BBA82339533 /* WelcomeView.swift */,
			);
			path = Welcome;
			sourceTree = "<group>";
		};
		B31D81E4A5014773B039A435 /* WineDetail */ = {
			isa = PBXGroup;
			children = (
				F7FE876D43EF4FB89353A526 /* WineDetailView.swift */,
			);
			path = WineDetail;
			sourceTree = "<group>";
		};
		8EFD0B01ED694B3897224BE6 /* WineryDetail */ = {
			isa = PBXGroup;
			children = (
				3E47415FEA374EDB8D51E200 /* WineryDetailView.swift */,
			);
			path = WineryDetail;
			sourceTree = "<group>";
		};
		6E3FFCC334614FFC82D45638 /* Components */ = {
			isa = PBXGroup;
			children = (
				95D8648BD8A942C2AAE76846 /* EasyButton.swift */,
				6C839B0CEC5147B6B825BD3D /* RatingBadge.swift */,
				20B61D785B314588AC60FCB9 /* SectionHeader.swift */,
				C911F1C1A80643299EDE4EFC /* WineCard.swift */,
				12813EFB49644DA5B1329365 /* WineryCard.swift */,
			);
			path = Components;
			sourceTree = "<group>";
		};
		14266FEE9F9B46EDA313E9C4 /* SipNearTests */ = {
			isa = PBXGroup;
			children = (
				998090D529F04C399EE4EF0D /* GeoMathTests.swift */,
			);
			path = SipNearTests;
			sourceTree = "<group>";
		};
		D094553BFD414B6790FFC8E8 = {
			isa = PBXGroup;
			children = (
				5170900736484B51B4CB529E /* SipNear */,
				14266FEE9F9B46EDA313E9C4 /* SipNearTests */,
				976CC5D5CD6140908DC6B2E5 /* Products */,
			);
			sourceTree = "<group>";
		};
/* End PBXGroup section */

/* Begin PBXNativeTarget section */
		E4EB697373404F4CB35665E9 /* SipNear */ = {
			isa = PBXNativeTarget;
			buildConfigurationList = 39F043EF01204AA798DAF9AA /* Build configuration list for PBXNativeTarget "SipNear" */;
			buildPhases = (
				392D6125DEB04FB9A3CFD472 /* Sources */,
				8B18F0F6D1554FFE95876D49 /* Frameworks */,
				5A15BD4E8610407FA85078BD /* Resources */,
			);
			buildRules = (
			);
			dependencies = (
			);
			name = SipNear;
			productName = SipNear;
			productReference = F60003B4D908405DAD302DA7 /* SipNear.app */;
			productType = "com.apple.product-type.application";
		};
		8C9AF49834CC4C09BB4D7B10 /* SipNearTests */ = {
			isa = PBXNativeTarget;
			buildConfigurationList = C7B1912733B2433E9F4FFDAA /* Build configuration list for PBXNativeTarget "SipNearTests" */;
			buildPhases = (
				92EF056A57F14408857C650A /* Sources */,
				DDF234682C824CC1A842A25A /* Frameworks */,
			);
			buildRules = (
			);
			dependencies = (
				613C2A0ECF82412A90B136DD /* PBXTargetDependency */,
			);
			name = SipNearTests;
			productName = SipNearTests;
			productReference = 8CEFC5B51323420BAB6BEAE5 /* SipNearTests.xctest */;
			productType = "com.apple.product-type.bundle.unit-test";
		};
/* End PBXNativeTarget section */

/* Begin PBXProject section */
		24A2ACB97A0B46CE8DB97B16 /* Project object */ = {
			isa = PBXProject;
			attributes = {
				BuildIndependentTargetsInParallel = 1;
				LastSwiftUpdateCheck = 1600;
				LastUpgradeCheck = 1600;
				TargetAttributes = {
					E4EB697373404F4CB35665E9 = {
						CreatedOnToolsVersion = 15.0;
					};
					8C9AF49834CC4C09BB4D7B10 = {
						CreatedOnToolsVersion = 15.0;
						TestTargetID = E4EB697373404F4CB35665E9;
					};
				};
			};
			buildConfigurationList = 08AA38E71DA04F8F857C89B9 /* Build configuration list for PBXProject "SipNear" */;
			compatibilityVersion = "Xcode 14.0";
			developmentRegion = en;
			hasScannedForEncodings = 0;
			knownRegions = (
				en,
				Base,
			);
			mainGroup = D094553BFD414B6790FFC8E8;
			productRefGroup = 976CC5D5CD6140908DC6B2E5 /* Products */;
			projectDirPath = "";
			projectRoot = "";
			targets = (
				E4EB697373404F4CB35665E9 /* SipNear */,
				8C9AF49834CC4C09BB4D7B10 /* SipNearTests */,
			);
		};
/* End PBXProject section */

/* Begin PBXResourcesBuildPhase section */
		5A15BD4E8610407FA85078BD /* Resources */ = {
			isa = PBXResourcesBuildPhase;
			buildActionMask = 2147483647;
			files = (
				AA1A5D58A14F4843BEDD1CA7 /* Assets.xcassets in Resources */,
				90F592880E00491CAACED3D0 /* PrivacyInfo.xcprivacy in Resources */,
			);
			runOnlyForDeploymentPostprocessing = 0;
		};
/* End PBXResourcesBuildPhase section */

/* Begin PBXSourcesBuildPhase section */
		392D6125DEB04FB9A3CFD472 /* Sources */ = {
			isa = PBXSourcesBuildPhase;
			buildActionMask = 2147483647;
			files = (
				900390B06FE347FCAA0606A4 /* RootView.swift in Sources */,
				643D60F4011A43C3882E0523 /* SipNearApp.swift in Sources */,
				1F35E254596A43D3965ABCE2 /* SipTheme.swift in Sources */,
				F271C9803B6242DA9975930B /* CuratedWineries.swift in Sources */,
				D15DC241E00E45318ABD7581 /* Models.swift in Sources */,
				0AAC7391B2E947FF9122277E /* WineCatalog.swift in Sources */,
				039EFC9C52A84D7EA078AB0A /* AppModel.swift in Sources */,
				60907E891F9D46419B573EF8 /* LocationService.swift in Sources */,
				61E04DECD7BA48C2A431073F /* WineryService.swift in Sources */,
				9CE9B3D167D34B5B9AC3936D /* GeoMath.swift in Sources */,
				030CFF0751FA47A0AB7ADCF0 /* Haptics.swift in Sources */,
				C94EBC3E15E84A0D89BD0E66 /* DiscoverView.swift in Sources */,
				7657D2D8343C410BB33FC81A /* HomeView.swift in Sources */,
				FC8B3B7ABDB24AC684E43438 /* NearbyView.swift in Sources */,
				30A3D07A457349D3922605AB /* SavedView.swift in Sources */,
				4EB00AC40F0D42AC99C5C7DD /* WelcomeView.swift in Sources */,
				E32ACC1D5D514E4EA4D4122E /* WineDetailView.swift in Sources */,
				00401B1925424730BAAF1C8F /* WineryDetailView.swift in Sources */,
				57631867A3C84353943F473E /* EasyButton.swift in Sources */,
				6E3E6E73BED24D37A22A3C61 /* RatingBadge.swift in Sources */,
				639E04EEC5DC48AE81680807 /* SectionHeader.swift in Sources */,
				6B137F9CFB7D4F8CB64EDF46 /* WineCard.swift in Sources */,
				FACEA005F9964067B6FFC49F /* WineryCard.swift in Sources */,
			);
			runOnlyForDeploymentPostprocessing = 0;
		};
		92EF056A57F14408857C650A /* Sources */ = {
			isa = PBXSourcesBuildPhase;
			buildActionMask = 2147483647;
			files = (
				7B311DBE141C4B2285143318 /* GeoMathTests.swift in Sources */,
			);
			runOnlyForDeploymentPostprocessing = 0;
		};
/* End PBXSourcesBuildPhase section */

/* Begin PBXTargetDependency section */
		613C2A0ECF82412A90B136DD /* PBXTargetDependency */ = {
			isa = PBXTargetDependency;
			target = E4EB697373404F4CB35665E9 /* SipNear */;
			targetProxy = 1FC49AC04F0A4B51B9D5300C /* PBXContainerItemProxy */;
		};
/* End PBXTargetDependency section */

/* Begin XCBuildConfiguration section */
		4BF7A465CA87401E9864FE85 /* Debug */ = {
			isa = XCBuildConfiguration;
			buildSettings = {
				ALWAYS_SEARCH_USER_PATHS = NO;
				CLANG_ENABLE_MODULES = YES;
				CLANG_ENABLE_OBJC_ARC = YES;
				COPY_PHASE_STRIP = NO;
				DEBUG_INFORMATION_FORMAT = dwarf;
				ENABLE_TESTABILITY = YES;
				GCC_OPTIMIZATION_LEVEL = 0;
				IPHONEOS_DEPLOYMENT_TARGET = 17.0;
				ONLY_ACTIVE_ARCH = YES;
				SDKROOT = iphoneos;
				SWIFT_ACTIVE_COMPILATION_CONDITIONS = DEBUG;
				SWIFT_OPTIMIZATION_LEVEL = "-Onone";
			};
			name = Debug;
		};
		BEF4ADB88EF24D55989FE3B1 /* Release */ = {
			isa = XCBuildConfiguration;
			buildSettings = {
				ALWAYS_SEARCH_USER_PATHS = NO;
				CLANG_ENABLE_MODULES = YES;
				CLANG_ENABLE_OBJC_ARC = YES;
				COPY_PHASE_STRIP = NO;
				DEBUG_INFORMATION_FORMAT = "dwarf-with-dsym";
				IPHONEOS_DEPLOYMENT_TARGET = 17.0;
				SDKROOT = iphoneos;
				SWIFT_COMPILATION_MODE = wholemodule;
				VALIDATE_PRODUCT = YES;
			};
			name = Release;
		};
		935B38E38AB645FAAB054585 /* Debug */ = {
			isa = XCBuildConfiguration;
			buildSettings = {
				ASSETCATALOG_COMPILER_APPICON_NAME = AppIcon;
				ASSETCATALOG_COMPILER_GLOBAL_ACCENT_COLOR_NAME = AccentColor;
				CODE_SIGN_STYLE = Automatic;
				CURRENT_PROJECT_VERSION = 1;
				DEVELOPMENT_TEAM = "";
				ENABLE_PREVIEWS = YES;
				GENERATE_INFOPLIST_FILE = NO;
				INFOPLIST_FILE = SipNear/Resources/Info.plist;
				INFOPLIST_KEY_CFBundleDisplayName = SipNear;
				INFOPLIST_KEY_LSApplicationCategoryType = "public.app-category.food-and-drink";
				LD_RUNPATH_SEARCH_PATHS = ("$(inherited)", "@executable_path/Frameworks");
				MARKETING_VERSION = 1.0;
				PRODUCT_BUNDLE_IDENTIFIER = com.sipnear.app;
				PRODUCT_NAME = "$(TARGET_NAME)";
				SUPPORTED_PLATFORMS = "iphoneos iphonesimulator";
				SUPPORTS_MACCATALYST = NO;
				SWIFT_EMIT_LOC_STRINGS = YES;
				SWIFT_STRICT_CONCURRENCY = complete;
				SWIFT_VERSION = 5.0;
				TARGETED_DEVICE_FAMILY = "1,2";
			};
			name = Debug;
		};
		9481149A79CE4CADAD988443 /* Release */ = {
			isa = XCBuildConfiguration;
			buildSettings = {
				ASSETCATALOG_COMPILER_APPICON_NAME = AppIcon;
				ASSETCATALOG_COMPILER_GLOBAL_ACCENT_COLOR_NAME = AccentColor;
				CODE_SIGN_STYLE = Automatic;
				CURRENT_PROJECT_VERSION = 1;
				DEVELOPMENT_TEAM = "";
				ENABLE_PREVIEWS = YES;
				GENERATE_INFOPLIST_FILE = NO;
				INFOPLIST_FILE = SipNear/Resources/Info.plist;
				INFOPLIST_KEY_CFBundleDisplayName = SipNear;
				INFOPLIST_KEY_LSApplicationCategoryType = "public.app-category.food-and-drink";
				LD_RUNPATH_SEARCH_PATHS = ("$(inherited)", "@executable_path/Frameworks");
				MARKETING_VERSION = 1.0;
				PRODUCT_BUNDLE_IDENTIFIER = com.sipnear.app;
				PRODUCT_NAME = "$(TARGET_NAME)";
				SUPPORTED_PLATFORMS = "iphoneos iphonesimulator";
				SUPPORTS_MACCATALYST = NO;
				SWIFT_EMIT_LOC_STRINGS = YES;
				SWIFT_STRICT_CONCURRENCY = complete;
				SWIFT_VERSION = 5.0;
				TARGETED_DEVICE_FAMILY = "1,2";
			};
			name = Release;
		};
		6CE620ABE0464F348E526305 /* Debug */ = {
			isa = XCBuildConfiguration;
			buildSettings = {
				BUNDLE_LOADER = "$(TEST_HOST)";
				CODE_SIGN_STYLE = Automatic;
				CURRENT_PROJECT_VERSION = 1;
				GENERATE_INFOPLIST_FILE = YES;
				MARKETING_VERSION = 1.0;
				PRODUCT_BUNDLE_IDENTIFIER = com.sipnear.app.tests;
				PRODUCT_NAME = "$(TARGET_NAME)";
				SWIFT_EMIT_LOC_STRINGS = NO;
				SWIFT_VERSION = 5.0;
				TARGETED_DEVICE_FAMILY = "1,2";
				TEST_HOST = "$(BUILT_PRODUCTS_DIR)/SipNear.app/$(BUNDLE_EXECUTABLE_FOLDER_PATH)/SipNear";
			};
			name = Debug;
		};
		088798E196E24AA092E02824 /* Release */ = {
			isa = XCBuildConfiguration;
			buildSettings = {
				BUNDLE_LOADER = "$(TEST_HOST)";
				CODE_SIGN_STYLE = Automatic;
				CURRENT_PROJECT_VERSION = 1;
				GENERATE_INFOPLIST_FILE = YES;
				MARKETING_VERSION = 1.0;
				PRODUCT_BUNDLE_IDENTIFIER = com.sipnear.app.tests;
				PRODUCT_NAME = "$(TARGET_NAME)";
				SWIFT_EMIT_LOC_STRINGS = NO;
				SWIFT_VERSION = 5.0;
				TARGETED_DEVICE_FAMILY = "1,2";
				TEST_HOST = "$(BUILT_PRODUCTS_DIR)/SipNear.app/$(BUNDLE_EXECUTABLE_FOLDER_PATH)/SipNear";
			};
			name = Release;
		};
/* End XCBuildConfiguration section */

/* Begin XCConfigurationList section */
		08AA38E71DA04F8F857C89B9 /* Build configuration list for PBXProject "SipNear" */ = {
			isa = XCConfigurationList;
			buildConfigurations = (
				4BF7A465CA87401E9864FE85 /* Debug */,
				BEF4ADB88EF24D55989FE3B1 /* Release */,
			);
			defaultConfigurationIsVisible = 0;
			defaultConfigurationName = Release;
		};
		39F043EF01204AA798DAF9AA /* Build configuration list for PBXNativeTarget "SipNear" */ = {
			isa = XCConfigurationList;
			buildConfigurations = (
				935B38E38AB645FAAB054585 /* Debug */,
				9481149A79CE4CADAD988443 /* Release */,
			);
			defaultConfigurationIsVisible = 0;
			defaultConfigurationName = Release;
		};
		C7B1912733B2433E9F4FFDAA /* Build configuration list for PBXNativeTarget "SipNearTests" */ = {
			isa = XCConfigurationList;
			buildConfigurations = (
				6CE620ABE0464F348E526305 /* Debug */,
				088798E196E24AA092E02824 /* Release */,
			);
			defaultConfigurationIsVisible = 0;
			defaultConfigurationName = Release;
		};
/* End XCConfigurationList section */
	};
	rootObject = 24A2ACB97A0B46CE8DB97B16 /* Project object */;
}
